// !$*UTF8*$!
{
	archiveVersion = 1;
	classes = {
	};
	objectVersion = 50;
	objects = {

/* Begin PBXBuildFile section */
		D04F3401242A5832006EE68F /* AppDelegate.swift in Sources */ = {isa = PBXBuildFile; fileRef = D04F3400242A5832006EE68F /* AppDelegate.swift */; };
		D04F3403242A5832006EE68F /* SceneDelegate.swift in Sources */ = {isa = PBXBuildFile; fileRef = D04F3402242A5832006EE68F /* SceneDelegate.swift */; };
		D04F340A242A5834006EE68F /* Assets.xcassets in Resources */ = {isa = PBXBuildFile; fileRef = D04F3409242A5834006EE68F /* Assets.xcassets */; };
		D04F340D242A5834006EE68F /* LaunchScreen.storyboard in Resources */ = {isa = PBXBuildFile; fileRef = D04F340B242A5834006EE68F /* LaunchScreen.storyboard */; };
		D04F3418242A5834006EE68F /* StoryboardlessTests.swift in Sources */ = {isa = PBXBuildFile; fileRef = D04F3417242A5834006EE68F /* StoryboardlessTests.swift */; };
		D04F3423242A5834006EE68F /* StoryboardlessUITests.swift in Sources */ = {isa = PBXBuildFile; fileRef = D04F3422242A5834006EE68F /* StoryboardlessUITests.swift */; };
		D04F3432242A6C06006EE68F /* Coordinator.swift in Sources */ = {isa = PBXBuildFile; fileRef = D04F3431242A6C06006EE68F /* Coordinator.swift */; };
		D04F3434242A6C28006EE68F /* MainCoordinator.swift in Sources */ = {isa = PBXBuildFile; fileRef = D04F3433242A6C28006EE68F /* MainCoordinator.swift */; };
		D04F3438242A6C76006EE68F /* HelloViewController.swift in Sources */ = {isa = PBXBuildFile; fileRef = D04F3437242A6C76006EE68F /* HelloViewController.swift */; };
		D04F343A242A6E8E006EE68F /* HelloCoordinator.swift in Sources */ = {isa = PBXBuildFile; fileRef = D04F3439242A6E8E006EE68F /* HelloCoordinator.swift */; };
/* End PBXBuildFile section */

/* Begin PBXContainerItemProxy section */
		D04F3414242A5834006EE68F /* PBXContainerItemProxy */ = {
			isa = PBXContainerItemProxy;
			containerPortal = D04F33F5242A5832006EE68F /* Project object */;
			proxyType = 1;
			remoteGlobalIDString = D04F33FC242A5832006EE68F;
			remoteInfo = Storyboardless;
		};
		D04F341F242A5834006EE68F /* PBXContainerItemProxy */ = {
			isa = PBXContainerItemProxy;
			containerPortal = D04F33F5242A5832006EE68F /* Project object */;
			proxyType = 1;
			remoteGlobalIDString = D04F33FC242A5832006EE68F;
			remoteInfo = Storyboardless;
		};
/* End PBXContainerItemProxy section */

/* Begin PBXFileReference section */
		D04F33FD242A5832006EE68F /* Storyboardless.app */ = {isa = PBXFileReference; explicitFileType = wrapper.application; includeInIndex = 0; path = Storyboardless.app; sourceTree = BUILT_PRODUCTS_DIR; };
		D04F3400242A5832006EE68F /* AppDelegate.swift */ = {isa = PBXFileReference; lastKnownFileType = sourcecode.swift; path = AppDelegate.swift; sourceTree = "<group>"; };
		D04F3402242A5832006EE68F /* SceneDelegate.swift */ = {isa = PBXFileReference; lastKnownFileType = sourcecode.swift; path = SceneDelegate.swift; sourceTree = "<group>"; };
		D04F3409242A5834006EE68F /* Assets.xcassets */ = {isa = PBXFileReference; lastKnownFileType = folder.assetcatalog; path = Assets.xcassets; sourceTree = "<group>"; };
		D04F340C242A5834006EE68F /* Base */ = {isa = PBXFileReference; lastKnownFileType = file.storyboard; name = Base; path = Base.lproj/LaunchScreen.storyboard; sourceTree = "<group>"; };
		D04F340E242A5834006EE68F /* Info.plist */ = {isa = PBXFileReference; lastKnownFileType = text.plist.xml; path = Info.plist; sourceTree = "<group>"; };
		D04F3413242A5834006EE68F /* StoryboardlessTests.xctest */ = {isa = PBXFileReference; explicitFileType = wrapper.cfbundle; includeInIndex = 0; path = StoryboardlessTests.xctest; sourceTree = BUILT_PRODUCTS_DIR; };
		D04F3417242A5834006EE68F /* StoryboardlessTests.swift */ = {isa = PBXFileReference; lastKnownFileType = sourcecode.swift; path = StoryboardlessTests.swift; sourceTree = "<group>"; };
		D04F3419242A5834006EE68F /* Info.plist */ = {isa = PBXFileReference; lastKnownFileType = text.plist.xml; path = Info.plist; sourceTree = "<group>"; };
		D04F341E242A5834006EE68F /* StoryboardlessUITests.xctest */ = {isa = PBXFileReference; explicitFileType = wrapper.cfbundle; includeInIndex = 0; path = StoryboardlessUITests.xctest; sourceTree = BUILT_PRODUCTS_DIR; };
		D04F3422242A5834006EE68F /* StoryboardlessUITests.swift */ = {isa = PBXFileReference; lastKnownFileType = sourcecode.swift; path = StoryboardlessUITests.swift; sourceTree = "<group>"; };
		D04F3424242A5834006EE68F /* Info.plist */ = {isa = PBXFileReference; lastKnownFileType = text.plist.xml; path = Info.plist; sourceTree = "<group>"; };
		D04F3431242A6C06006EE68F /* Coordinator.swift */ = {isa = PBXFileReference; lastKnownFileType = sourcecode.swift; path = Coordinator.swift; sourceTree = "<group>"; };
		D04F3433242A6C28006EE68F /* MainCoordinator.swift */ = {isa = PBXFileReference; lastKnownFileType = sourcecode.swift; path = MainCoordinator.swift; sourceTree = "<group>"; };
		D04F3437242A6C76006EE68F /* HelloViewController.swift */ = {isa = PBXFileReference; lastKnownFileType = sourcecode.swift; path = HelloViewController.swift; sourceTree = "<group>"; };
		D04F3439242A6E8E006EE68F /* HelloCoordinator.swift */ = {isa = PBXFileReference; lastKnownFileType = sourcecode.swift; path = HelloCoordinator.swift; sourceTree = "<group>"; };
/* End PBXFileReference section */

/* Begin PBXFrameworksBuildPhase section */
		D04F33FA242A5832006EE68F /* Frameworks */ = {
			isa = PBXFrameworksBuildPhase;
			buildActionMask = 2147483647;
			files = (
			);
			runOnlyForDeploymentPostprocessing = 0;
		};
		D04F3410242A5834006EE68F /* Frameworks */ = {
			isa = PBXFrameworksBuildPhase;
			buildActionMask = 2147483647;
			files = (
			);
			runOnlyForDeploymentPostprocessing = 0;
		};
		D04F341B242A5834006EE68F /* Frameworks */ = {
			isa = PBXFrameworksBuildPhase;
			buildActionMask = 2147483647;
			files = (
			);
			runOnlyForDeploymentPostprocessing = 0;
		};
/* End PBXFrameworksBuildPhase section */

/* Begin PBXGroup section */
		D04F33F4242A5832006EE68F = {
			isa = PBXGroup;
			children = (
				D04F33FF242A5832006EE68F /* Storyboardless */,
				D04F3416242A5834006EE68F /* StoryboardlessTests */,
				D04F3421242A5834006EE68F /* StoryboardlessUITests */,
				D04F33FE242A5832006EE68F /* Products */,
			);
			sourceTree = "<group>";
		};
		D04F33FE242A5832006EE68F /* Products */ = {
			isa = PBXGroup;
			children = (
				D04F33FD242A5832006EE68F /* Storyboardless.app */,
				D04F3413242A5834006EE68F /* StoryboardlessTests.xctest */,
				D04F341E242A5834006EE68F /* StoryboardlessUITests.xctest */,
			);
			name = Products;
			sourceTree = "<group>";
		};
		D04F33FF242A5832006EE68F /* Storyboardless */ = {
			isa = PBXGroup;
			children = (
				D04F3435242A6C52006EE68F /* Features */,
				D04F3430242A6BF4006EE68F /* Library */,
				D04F3400242A5832006EE68F /* AppDelegate.swift */,
				D04F3402242A5832006EE68F /* SceneDelegate.swift */,
				D04F3409242A5834006EE68F /* Assets.xcassets */,
				D04F340B242A5834006EE68F /* LaunchScreen.storyboard */,
				D04F340E242A5834006EE68F /* Info.plist */,
			);
			path = Storyboardless;
			sourceTree = "<group>";
		};
		D04F3416242A5834006EE68F /* StoryboardlessTests */ = {
			isa = PBXGroup;
			children = (
				D04F3417242A5834006EE68F /* StoryboardlessTests.swift */,
				D04F3419242A5834006EE68F /* Info.plist */,
			);
			path = StoryboardlessTests;
			sourceTree = "<group>";
		};
		D04F3421242A5834006EE68F /* StoryboardlessUITests */ = {
			isa = PBXGroup;
			children = (
				D04F3422242A5834006EE68F /* StoryboardlessUITests.swift */,
				D04F3424242A5834006EE68F /* Info.plist */,
			);
			path = StoryboardlessUITests;
			sourceTree = "<group>";
		};
		D04F3430242A6BF4006EE68F /* Library */ = {
			isa = PBXGroup;
			children = (
				D04F3431242A6C06006EE68F /* Coordinator.swift */,
				D04F3433242A6C28006EE68F /* MainCoordinator.swift */,
			);
			path = Library;
			sourceTree = "<group>";
		};
		D04F3435242A6C52006EE68F /* Features */ = {
			isa = PBXGroup;
			children = (
				D04F3436242A6C62006EE68F /* Hello */,
			);
			path = Features;
			sourceTree = "<group>";
		};
		D04F3436242A6C62006EE68F /* Hello */ = {
			isa = PBXGroup;
			children = (
				D04F3437242A6C76006EE68F /* HelloViewController.swift */,
				D04F3439242A6E8E006EE68F /* HelloCoordinator.swift */,
			);
			path = Hello;
			sourceTree = "<group>";
		};
/* End PBXGroup section */

/* Begin PBXNativeTarget section */
		D04F33FC242A5832006EE68F /* Storyboardless */ = {
			isa = PBXNativeTarget;
			buildConfigurationList = D04F3427242A5834006EE68F /* Build configuration list for PBXNativeTarget "Storyboardless" */;
			buildPhases = (
				D04F33F9242A5832006EE68F /* Sources */,
				D04F33FA242A5832006EE68F /* Frameworks */,
				D04F33FB242A5832006EE68F /* Resources */,
			);
			buildRules = (
			);
			dependencies = (
			);
			name = Storyboardless;
			productName = Storyboardless;
			productReference = D04F33FD242A5832006EE68F /* Storyboardless.app */;
			productType = "com.apple.product-type.application";
		};
		D04F3412242A5834006EE68F /* StoryboardlessTests */ = {
			isa = PBXNativeTarget;
			buildConfigurationList = D04F342A242A5834006EE68F /* Build configuration list for PBXNativeTarget "StoryboardlessTests" */;
			buildPhases = (
				D04F340F242A5834006EE68F /* Sources */,
				D04F3410242A5834006EE68F /* Frameworks */,
				D04F3411242A5834006EE68F /* Resources */,
			);
			buildRules = (
			);
			dependencies = (
				D04F3415242A5834006EE68F /* PBXTargetDependency */,
			);
			name = StoryboardlessTests;
			productName = StoryboardlessTests;
			productReference = D04F3413242A5834006EE68F /* StoryboardlessTests.xctest */;
			productType = "com.apple.product-type.bundle.unit-test";
		};
		D04F341D242A5834006EE68F /* StoryboardlessUITests */ = {
			isa = PBXNativeTarget;
			buildConfigurationList = D04F342D242A5834006EE68F /* Build configuration list for PBXNativeTarget "StoryboardlessUITests" */;
			buildPhases = (
				D04F341A242A5834006EE68F /* Sources */,
				D04F341B242A5834006EE68F /* Frameworks */,
				D04F341C242A5834006EE68F /* Resources */,
			);
			buildRules = (
			);
			dependencies = (
				D04F3420242A5834006EE68F /* PBXTargetDependency */,
			);
			name = StoryboardlessUITests;
			productName = StoryboardlessUITests;
			productReference = D04F341E242A5834006EE68F /* StoryboardlessUITests.xctest */;
			productType = "com.apple.product-type.bundle.ui-testing";
		};
/* End PBXNativeTarget section */

/* Begin PBXProject section */
		D04F33F5242A5832006EE68F /* Project object */ = {
			isa = PBXProject;
			attributes = {
				LastSwiftUpdateCheck = 1130;
				LastUpgradeCheck = 1130;
				ORGANIZATIONNAME = "PMV Peter";
				TargetAttributes = {
					D04F33FC242A5832006EE68F = {
						CreatedOnToolsVersion = 11.3.1;
					};
					D04F3412242A5834006EE68F = {
						CreatedOnToolsVersion = 11.3.1;
						TestTargetID = D04F33FC242A5832006EE68F;
					};
					D04F341D242A5834006EE68F = {
						CreatedOnToolsVersion = 11.3.1;
						TestTargetID = D04F33FC242A5832006EE68F;
					};
				};
			};
			buildConfigurationList = D04F33F8242A5832006EE68F /* Build configuration list for PBXProject "Storyboardless" */;
			compatibilityVersion = "Xcode 9.3";
			developmentRegion = en;
			hasScannedForEncodings = 0;
			knownRegions = (
				en,
				Base,
			);
			mainGroup = D04F33F4242A5832006EE68F;
			productRefGroup = D04F33FE242A5832006EE68F /* Products */;
			projectDirPath = "";
			projectRoot = "";
			targets = (
				D04F33FC242A5832006EE68F /* Storyboardless */,
				D04F3412242A5834006EE68F /* StoryboardlessTests */,
				D04F341D242A5834006EE68F /* StoryboardlessUITests */,
			);
		};
/* End PBXProject section */

/* Begin PBXResourcesBuildPhase section */
		D04F33FB242A5832006EE68F /* Resources */ = {
			isa = PBXResourcesBuildPhase;
			buildActionMask = 2147483647;
			files = (
				D04F340D242A5834006EE68F /* LaunchScreen.storyboard in Resources */,
				D04F340A242A5834006EE68F /* Assets.xcassets in Resources */,
			);
			runOnlyForDeploymentPostprocessing = 0;
		};
		D04F3411242A5834006EE68F /* Resources */ = {
			isa = PBXResourcesBuildPhase;
			buildActionMask = 2147483647;
			files = (
			);
			runOnlyForDeploymentPostprocessing = 0;
		};
		D04F341C242A5834006EE68F /* Resources */ = {
			isa = PBXResourcesBuildPhase;
			buildActionMask = 2147483647;
			files = (
			);
			runOnlyForDeploymentPostprocessing = 0;
		};
/* End PBXResourcesBuildPhase section */

/* Begin PBXSourcesBuildPhase section */
		D04F33F9242A5832006EE68F /* Sources */ = {
			isa = PBXSourcesBuildPhase;
			buildActionMask = 2147483647;
			files = (
				D04F3432242A6C06006EE68F /* Coordinator.swift in Sources */,
				D04F343A242A6E8E006EE68F /* HelloCoordinator.swift in Sources */,
				D04F3401242A5832006EE68F /* AppDelegate.swift in Sources */,
				D04F3438242A6C76006EE68F /* HelloViewController.swift in Sources */,
				D04F3434242A6C28006EE68F /* MainCoordinator.swift in Sources */,
				D04F3403242A5832006EE68F /* SceneDelegate.swift in Sources */,
			);
			runOnlyForDeploymentPostprocessing = 0;
		};
		D04F340F242A5834006EE68F /* Sources */ = {
			isa = PBXSourcesBuildPhase;
			buildActionMask = 2147483647;
			files = (
				D04F3418242A5834006EE68F /* StoryboardlessTests.swift in Sources */,
			);
			runOnlyForDeploymentPostprocessing = 0;
		};
		D04F341A242A5834006EE68F /* Sources */ = {
			isa = PBXSourcesBuildPhase;
			buildActionMask = 2147483647;
			files = (
				D04F3423242A5834006EE68F /* StoryboardlessUITests.swift in Sources */,
			);
			runOnlyForDeploymentPostprocessing = 0;
		};
/* End PBXSourcesBuildPhase section */

/* Begin PBXTargetDependency section */
		D04F3415242A5834006EE68F /* PBXTargetDependency */ = {
			isa = PBXTargetDependency;
			target = D04F33FC242A5832006EE68F /* Storyboardless */;
			targetProxy = D04F3414242A5834006EE68F /* PBXContainerItemProxy */;
		};
		D04F3420242A5834006EE68F /* PBXTargetDependency */ = {
			isa = PBXTargetDependency;
			target = D04F33FC242A5832006EE68F /* Storyboardless */;
			targetProxy = D04F341F242A5834006EE68F /* PBXContainerItemProxy */;
		};
/* End PBXTargetDependency section */

/* Begin PBXVariantGroup section */
		D04F340B242A5834006EE68F /* LaunchScreen.storyboard */ = {
			isa = PBXVariantGroup;
			children = (
				D04F340C242A5834006EE68F /* Base */,
			);
			name = LaunchScreen.storyboard;
			sourceTree = "<group>";
		};
/* End PBXVariantGroup section */

/* Begin XCBuildConfiguration section */
		D04F3425242A5834006EE68F /* Debug */ = {
			isa = XCBuildConfiguration;
			buildSettings = {
				ALWAYS_SEARCH_USER_PATHS = NO;
				CLANG_ANALYZER_NONNULL = YES;
				CLANG_ANALYZER_NUMBER_OBJECT_CONVERSION = YES_AGGRESSIVE;
				CLANG_CXX_LANGUAGE_STANDARD = "gnu++14";
				CLANG_CXX_LIBRARY = "libc++";
				CLANG_ENABLE_MODULES = YES;
				CLANG_ENABLE_OBJC_ARC = YES;
				CLANG_ENABLE_OBJC_WEAK = YES;
				CLANG_WARN_BLOCK_CAPTURE_AUTORELEASING = YES;
				CLANG_WARN_BOOL_CONVERSION = YES;
				CLANG_WARN_COMMA = YES;
				CLANG_WARN_CONSTANT_CONVERSION = YES;
				CLANG_WARN_DEPRECATED_OBJC_IMPLEMENTATIONS = YES;
				CLANG_WARN_DIRECT_OBJC_ISA_USAGE = YES_ERROR;
				CLANG_WARN_DOCUMENTATION_COMMENTS = YES;
				CLANG_WARN_EMPTY_BODY = YES;
				CLANG_WARN_ENUM_CONVERSION = YES;
				CLANG_WARN_INFINITE_RECURSION = YES;
				CLANG_WARN_INT_CONVERSION = YES;
				CLANG_WARN_NON_LITERAL_NULL_CONVERSION = YES;
				CLANG_WARN_OBJC_IMPLICIT_RETAIN_SELF = YES;
				CLANG_WARN_OBJC_LITERAL_CONVERSION = YES;
				CLANG_WARN_OBJC_ROOT_CLASS = YES_ERROR;
				CLANG_WARN_RANGE_LOOP_ANALYSIS = YES;
				CLANG_WARN_STRICT_PROTOTYPES = YES;
				CLANG_WARN_SUSPICIOUS_MOVE = YES;
				CLANG_WARN_UNGUARDED_AVAILABILITY = YES_AGGRESSIVE;
				CLANG_WARN_UNREACHABLE_CODE = YES;
				CLANG_WARN__DUPLICATE_METHOD_MATCH = YES;
				COPY_PHASE_STRIP = NO;
				DEBUG_INFORMATION_FORMAT = dwarf;
				ENABLE_STRICT_OBJC_MSGSEND = YES;
				ENABLE_TESTABILITY = YES;
				GCC_C_LANGUAGE_STANDARD = gnu11;
				GCC_DYNAMIC_NO_PIC = NO;
				GCC_NO_COMMON_BLOCKS = YES;
				GCC_OPTIMIZATION_LEVEL = 0;
				GCC_PREPROCESSOR_DEFINITIONS = (
					"DEBUG=1",
					"$(inherited)",
				);
				GCC_WARN_64_TO_32_BIT_CONVERSION = YES;
				GCC_WARN_ABOUT_RETURN_TYPE = YES_ERROR;
				GCC_WARN_UNDECLARED_SELECTOR = YES;
				GCC_WARN_UNINITIALIZED_AUTOS = YES_AGGRESSIVE;
				GCC_WARN_UNUSED_FUNCTION = YES;
				GCC_WARN_UNUSED_VARIABLE = YES;
				IPHONEOS_DEPLOYMENT_TARGET = 13.2;
				MTL_ENABLE_DEBUG_INFO = INCLUDE_SOURCE;
				MTL_FAST_MATH = YES;
				ONLY_ACTIVE_ARCH = YES;
				SDKROOT = iphoneos;
				SWIFT_ACTIVE_COMPILATION_CONDITIONS = DEBUG;
				SWIFT_OPTIMIZATION_LEVEL = "-Onone";
			};
			name = Debug;
		};
		D04F3426242A5834006EE68F /* Release */ = {
			isa = XCBuildConfiguration;
			buildSettings = {
				ALWAYS_SEARCH_USER_PATHS = NO;
				CLANG_ANALYZER_NONNULL = YES;
				CLANG_ANALYZER_NUMBER_OBJECT_CONVERSION = YES_AGGRESSIVE;
				CLANG_CXX_LANGUAGE_STANDARD = "gnu++14";
				CLANG_CXX_LIBRARY = "libc++";
				CLANG_ENABLE_MODULES = YES;
				CLANG_ENABLE_OBJC_ARC = YES;
				CLANG_ENABLE_OBJC_WEAK = YES;
				CLANG_WARN_BLOCK_CAPTURE_AUTORELEASING = YES;
				CLANG_WARN_BOOL_CONVERSION = YES;
				CLANG_WARN_COMMA = YES;
				CLANG_WARN_CONSTANT_CONVERSION = YES;
				CLANG_WARN_DEPRECATED_OBJC_IMPLEMENTATIONS = YES;
				CLANG_WARN_DIRECT_OBJC_ISA_USAGE = YES_ERROR;
				CLANG_WARN_DOCUMENTATION_COMMENTS = YES;
				CLANG_WARN_EMPTY_BODY = YES;
				CLANG_WARN_ENUM_CONVERSION = YES;
				CLANG_WARN_INFINITE_RECURSION = YES;
				CLANG_WARN_INT_CONVERSION = YES;
				CLANG_WARN_NON_LITERAL_NULL_CONVERSION = YES;
				CLANG_WARN_OBJC_IMPLICIT_RETAIN_SELF = YES;
				CLANG_WARN_OBJC_LITERAL_CONVERSION = YES;
				CLANG_WARN_OBJC_ROOT_CLASS = YES_ERROR;
				CLANG_WARN_RANGE_LOOP_ANALYSIS = YES;
				CLANG_WARN_STRICT_PROTOTYPES = YES;
				CLANG_WARN_SUSPICIOUS_MOVE = YES;
				CLANG_WARN_UNGUARDED_AVAILABILITY = YES_AGGRESSIVE;
				CLANG_WARN_UNREACHABLE_CODE = YES;
				CLANG_WARN__DUPLICATE_METHOD_MATCH = YES;
				COPY_PHASE_STRIP = NO;
				DEBUG_INFORMATION_FORMAT = "dwarf-with-dsym";
				ENABLE_NS_ASSERTIONS = NO;
				ENABLE_STRICT_OBJC_MSGSEND = YES;
				GCC_C_LANGUAGE_STANDARD = gnu11;
				GCC_NO_COMMON_BLOCKS = YES;
				GCC_WARN_64_TO_32_BIT_CONVERSION = YES;
				GCC_WARN_ABOUT_RETURN_TYPE = YES_ERROR;
				GCC_WARN_UNDECLARED_SELECTOR = YES;
				GCC_WARN_UNINITIALIZED_AUTOS = YES_AGGRESSIVE;
				GCC_WARN_UNUSED_FUNCTION = YES;
				GCC_WARN_UNUSED_VARIABLE = YES;
				IPHONEOS_DEPLOYMENT_TARGET = 13.2;
				MTL_ENABLE_DEBUG_INFO = NO;
				MTL_FAST_MATH = YES;
				SDKROOT = iphoneos;
				SWIFT_COMPILATION_MODE = wholemodule;
				SWIFT_OPTIMIZATION_LEVEL = "-O";
				VALIDATE_PRODUCT = YES;
			};
			name = Release;
		};
		D04F3428242A5834006EE68F /* Debug */ = {
			isa = XCBuildConfiguration;
			buildSettings = {
				ASSETCATALOG_COMPILER_APPICON_NAME = AppIcon;
				CODE_SIGN_STYLE = Automatic;
				DEVELOPMENT_TEAM = Z8WZDCKGVU;
				INFOPLIST_FILE = Storyboardless/Info.plist;
				LD_RUNPATH_SEARCH_PATHS = (
					"$(inherited)",
					"@executable_path/Frameworks",
				);
				PRODUCT_BUNDLE_IDENTIFIER = com.pmvpeter.Storyboardless;
				PRODUCT_NAME = "$(TARGET_NAME)";
				SWIFT_VERSION = 5.0;
				TARGETED_DEVICE_FAMILY = "1,2";
			};
			name = Debug;
		};
		D04F3429242A5834006EE68F /* Release */ = {
			isa = XCBuildConfiguration;
			buildSettings = {
				ASSETCATALOG_COMPILER_APPICON_NAME = AppIcon;
				CODE_SIGN_STYLE = Automatic;
				DEVELOPMENT_TEAM = Z8WZDCKGVU;
				INFOPLIST_FILE = Storyboardless/Info.plist;
				LD_RUNPATH_SEARCH_PATHS = (
					"$(inherited)",
					"@executable_path/Frameworks",
				);
				PRODUCT_BUNDLE_IDENTIFIER = com.pmvpeter.Storyboardless;
				PRODUCT_NAME = "$(TARGET_NAME)";
				SWIFT_VERSION = 5.0;
				TARGETED_DEVICE_FAMILY = "1,2";
			};
			name = Release;
		};
		D04F342B242A5834006EE68F /* Debug */ = {
			isa = XCBuildConfiguration;
			buildSettings = {
				ALWAYS_EMBED_SWIFT_STANDARD_LIBRARIES = YES;
				BUNDLE_LOADER = "$(TEST_HOST)";
				CODE_SIGN_STYLE = Automatic;
				DEVELOPMENT_TEAM = Z8WZDCKGVU;
				INFOPLIST_FILE = StoryboardlessTests/Info.plist;
				IPHONEOS_DEPLOYMENT_TARGET = 13.2;
				LD_RUNPATH_SEARCH_PATHS = (
					"$(inherited)",
					"@executable_path/Frameworks",
					"@loader_path/Frameworks",
				);
				PRODUCT_BUNDLE_IDENTIFIER = com.pmvpeter.StoryboardlessTests;
				PRODUCT_NAME = "$(TARGET_NAME)";
				SWIFT_VERSION = 5.0;
				TARGETED_DEVICE_FAMILY = "1,2";
				TEST_HOST = "$(BUILT_PRODUCTS_DIR)/Storyboardless.app/Storyboardless";
			};
			name = Debug;
		};
		D04F342C242A5834006EE68F /* Release */ = {
			isa = XCBuildConfiguration;
			buildSettings = {
				ALWAYS_EMBED_SWIFT_STANDARD_LIBRARIES = YES;
				BUNDLE_LOADER = "$(TEST_HOST)";
				CODE_SIGN_STYLE = Automatic;
				DEVELOPMENT_TEAM = Z8WZDCKGVU;
				INFOPLIST_FILE = StoryboardlessTests/Info.plist;
				IPHONEOS_DEPLOYMENT_TARGET = 13.2;
				LD_RUNPATH_SEARCH_PATHS = (
					"$(inherited)",
					"@executable_path/Frameworks",
					"@loader_path/Frameworks",
				);
				PRODUCT_BUNDLE_IDENTIFIER = com.pmvpeter.StoryboardlessTests;
				PRODUCT_NAME = "$(TARGET_NAME)";
				SWIFT_VERSION = 5.0;
				TARGETED_DEVICE_FAMILY = "1,2";
				TEST_HOST = "$(BUILT_PRODUCTS_DIR)/Storyboardless.app/Storyboardless";
			};
			name = Release;
		};
		D04F342E242A5834006EE68F /* Debug */ = {
			isa = XCBuildConfiguration;
			buildSettings = {
				ALWAYS_EMBED_SWIFT_STANDARD_LIBRARIES = YES;
				CODE_SIGN_STYLE = Automatic;
				DEVELOPMENT_TEAM = Z8WZDCKGVU;
				INFOPLIST_FILE = StoryboardlessUITests/Info.plist;
				LD_RUNPATH_SEARCH_PATHS = (
					"$(inherited)",
					"@executable_path/Frameworks",
					"@loader_path/Frameworks",
				);
				PRODUCT_BUNDLE_IDENTIFIER = com.pmvpeter.StoryboardlessUITests;
				PRODUCT_NAME = "$(TARGET_NAME)";
				SWIFT_VERSION = 5.0;
				TARGETED_DEVICE_FAMILY = "1,2";
				TEST_TARGET_NAME = Storyboardless;
			};
			name = Debug;
		};
		D04F342F242A5834006EE68F /* Release */ = {
			isa = XCBuildConfiguration;
			buildSettings = {
				ALWAYS_EMBED_SWIFT_STANDARD_LIBRARIES = YES;
				CODE_SIGN_STYLE = Automatic;
				DEVELOPMENT_TEAM = Z8WZDCKGVU;
				INFOPLIST_FILE = StoryboardlessUITests/Info.plist;
				LD_RUNPATH_SEARCH_PATHS = (
					"$(inherited)",
					"@executable_path/Frameworks",
					"@loader_path/Frameworks",
				);
				PRODUCT_BUNDLE_IDENTIFIER = com.pmvpeter.StoryboardlessUITests;
				PRODUCT_NAME = "$(TARGET_NAME)";
				SWIFT_VERSION = 5.0;
				TARGETED_DEVICE_FAMILY = "1,2";
				TEST_TARGET_NAME = Storyboardless;
			};
			name = Release;
		};
/* End XCBuildConfiguration section */

/* Begin XCConfigurationList section */
		D04F33F8242A5832006EE68F /* Build configuration list for PBXProject "Storyboardless" */ = {
			isa = XCConfigurationList;
			buildConfigurations = (
				D04F3425242A5834006EE68F /* Debug */,
				D04F3426242A5834006EE68F /* Release */,
			);
			defaultConfigurationIsVisible = 0;
			defaultConfigurationName = Release;
		};
		D04F3427242A5834006EE68F /* Build configuration list for PBXNativeTarget "Storyboardless" */ = {
			isa = XCConfigurationList;
			buildConfigurations = (
				D04F3428242A5834006EE68F /* Debug */,
				D04F3429242A5834006EE68F /* Release */,
			);
			defaultConfigurationIsVisible = 0;
			defaultConfigurationName = Release;
		};
		D04F342A242A5834006EE68F /* Build configuration list for PBXNativeTarget "StoryboardlessTests" */ = {
			isa = XCConfigurationList;
			buildConfigurations = (
				D04F342B242A5834006EE68F /* Debug */,
				D04F342C242A5834006EE68F /* Release */,
			);
			defaultConfigurationIsVisible = 0;
			defaultConfigurationName = Release;
		};
		D04F342D242A5834006EE68F /* Build configuration list for PBXNativeTarget "StoryboardlessUITests" */ = {
			isa = XCConfigurationList;
			buildConfigurations = (
				D04F342E242A5834006EE68F /* Debug */,
				D04F342F242A5834006EE68F /* Release */,
			);
			defaultConfigurationIsVisible = 0;
			defaultConfigurationName = Release;
		};
/* End XCConfigurationList section */
	};
	rootObject = D04F33F5242A5832006EE68F /* Project object */;
}
